{
  "name": "chessmate",
  "version": "1.0.3",
  "lockfileVersion": 3,
  "requires": true,
  "packages": {
    "": {
      "name": "chessmate",
      "version": "1.0.3",
      "license": "ISC",
      "dependencies": {
        "chessmate": "^1.0.0"
      }
    },
    "node_modules/chessmate": {
      "version": "1.0.0",
      "resolved": "https://registry.npmjs.org/chessmate/-/chessmate-1.0.0.tgz",
      "integrity": "sha512-mIYuOgXdPCnKdboAvBpWsNKA+tkoTklhz4G7IF9ClY8QjWiEjUKuxmc2yvNyJAO9ALh2R7vVVWThhqZItsOZ9w==",
      "license": "ISC"
    }
  }
}
